// !$*UTF8*$!
{
	archiveVersion = 1;
	classes = {
	};
	objectVersion = 56;
	objects = {

/* Begin PBXBuildFile section */
		53B1EA3D2C85BFBC00D300BF /* AppDelegate.swift in Sources */ = {isa = PBXBuildFile; fileRef = 53B1EA3C2C85BFBC00D300BF /* AppDelegate.swift */; };
		53B1EA3F2C85BFBC00D300BF /* SceneDelegate.swift in Sources */ = {isa = PBXBuildFile; fileRef = 53B1EA3E2C85BFBC00D300BF /* SceneDelegate.swift */; };
		53B1EA412C85BFBC00D300BF /* ViewController.swift in Sources */ = {isa = PBXBuildFile; fileRef = 53B1EA402C85BFBC00D300BF /* ViewController.swift */; };
		53B1EA442C85BFBC00D300BF /* Base in Resources */ = {isa = PBXBuildFile; fileRef = 53B1EA432C85BFBC00D300BF /* Base */; };
		53B1EA462C85BFBE00D300BF /* Assets.xcassets in Resources */ = {isa = PBXBuildFile; fileRef = 53B1EA452C85BFBE00D300BF /* Assets.xcassets */; };
		53B1EA492C85BFBE00D300BF /* Base in Resources */ = {isa = PBXBuildFile; fileRef = 53B1EA482C85BFBE00D300BF /* Base */; };
		53B1EA542C85BFBF00D300BF /* imagesliderTests.swift in Sources */ = {isa = PBXBuildFile; fileRef = 53B1EA532C85BFBF00D300BF /* imagesliderTests.swift */; };
		53B1EA5E2C85BFBF00D300BF /* imagesliderUITests.swift in Sources */ = {isa = PBXBuildFile; fileRef = 53B1EA5D2C85BFBF00D300BF /* imagesliderUITests.swift */; };
		53B1EA602C85BFBF00D300BF /* imagesliderUITestsLaunchTests.swift in Sources */ = {isa = PBXBuildFile; fileRef = 53B1EA5F2C85BFBF00D300BF /* imagesliderUITestsLaunchTests.swift */; };
		53B1EA6D2C85C4EA00D300BF /* imageview.swift in Sources */ = {isa = PBXBuildFile; fileRef = 53B1EA6C2C85C4EA00D300BF /* imageview.swift */; };
/* End PBXBuildFile section */

/* Begin PBXContainerItemProxy section */
		53B1EA502C85BFBF00D300BF /* PBXContainerItemProxy */ = {
			isa = PBXContainerItemProxy;
			containerPortal = 53B1EA312C85BFBC00D300BF /* Project object */;
			proxyType = 1;
			remoteGlobalIDString = 53B1EA382C85BFBC00D300BF;
			remoteInfo = imageslider;
		};
		53B1EA5A2C85BFBF00D300BF /* PBXContainerItemProxy */ = {
			isa = PBXContainerItemProxy;
			containerPortal = 53B1EA312C85BFBC00D300BF /* Project object */;
			proxyType = 1;
			remoteGlobalIDString = 53B1EA382C85BFBC00D300BF;
			remoteInfo = imageslider;
		};
/* End PBXContainerItemProxy section */

/* Begin PBXFileReference section */
		53B1EA392C85BFBC00D300BF /* imageslider.app */ = {isa = PBXFileReference; explicitFileType = wrapper.application; includeInIndex = 0; path = imageslider.app; sourceTree = BUILT_PRODUCTS_DIR; };
		53B1EA3C2C85BFBC00D300BF /* AppDelegate.swift */ = {isa = PBXFileReference; lastKnownFileType = sourcecode.swift; path = AppDelegate.swift; sourceTree = "<group>"; };
		53B1EA3E2C85BFBC00D300BF /* SceneDelegate.swift */ = {isa = PBXFileReference; lastKnownFileType = sourcecode.swift; path = SceneDelegate.swift; sourceTree = "<group>"; };
		53B1EA402C85BFBC00D300BF /* ViewController.swift */ = {isa = PBXFileReference; lastKnownFileType = sourcecode.swift; path = ViewController.swift; sourceTree = "<group>"; };
		53B1EA432C85BFBC00D300BF /* Base */ = {isa = PBXFileReference; lastKnownFileType = file.storyboard; name = Base; path = Base.lproj/Main.storyboard; sourceTree = "<group>"; };
		53B1EA452C85BFBE00D300BF /* Assets.xcassets */ = {isa = PBXFileReference; lastKnownFileType = folder.assetcatalog; path = Assets.xcassets; sourceTree = "<group>"; };
		53B1EA482C85BFBE00D300BF /* Base */ = {isa = PBXFileReference; lastKnownFileType = file.storyboard; name = Base; path = Base.lproj/LaunchScreen.storyboard; sourceTree = "<group>"; };
		53B1EA4A2C85BFBE00D300BF /* Info.plist */ = {isa = PBXFileReference; lastKnownFileType = text.plist.xml; path = Info.plist; sourceTree = "<group>"; };
		53B1EA4F2C85BFBF00D300BF /* imagesliderTests.xctest */ = {isa = PBXFileReference; explicitFileType = wrapper.cfbundle; includeInIndex = 0; path = imagesliderTests.xctest; sourceTree = BUILT_PRODUCTS_DIR; };
		53B1EA532C85BFBF00D300BF /* imagesliderTests.swift */ = {isa = PBXFileReference; lastKnownFileType = sourcecode.swift; path = imagesliderTests.swift; sourceTree = "<group>"; };
		53B1EA592C85BFBF00D300BF /* imagesliderUITests.xctest */ = {isa = PBXFileReference; explicitFileType = wrapper.cfbundle; includeInIndex = 0; path = imagesliderUITests.xctest; sourceTree = BUILT_PRODUCTS_DIR; };
		53B1EA5D2C85BFBF00D300BF /* imagesliderUITests.swift */ = {isa = PBXFileReference; lastKnownFileType = sourcecode.swift; path = imagesliderUITests.swift; sourceTree = "<group>"; };
		53B1EA5F2C85BFBF00D300BF /* imagesliderUITestsLaunchTests.swift */ = {isa = PBXFileReference; lastKnownFileType = sourcecode.swift; path = imagesliderUITestsLaunchTests.swift; sourceTree = "<group>"; };
		53B1EA6C2C85C4EA00D300BF /* imageview.swift */ = {isa = PBXFileReference; lastKnownFileType = sourcecode.swift; path = imageview.swift; sourceTree = "<group>"; };
/* End PBXFileReference section */

/* Begin PBXFrameworksBuildPhase section */
		53B1EA362C85BFBC00D300BF /* Frameworks */ = {
			isa = PBXFrameworksBuildPhase;
			buildActionMask = 2147483647;
			files = (
			);
			runOnlyForDeploymentPostprocessing = 0;
		};
		53B1EA4C2C85BFBF00D300BF /* Frameworks */ = {
			isa = PBXFrameworksBuildPhase;
			buildActionMask = 2147483647;
			files = (
			);
			runOnlyForDeploymentPostprocessing = 0;
		};
		53B1EA562C85BFBF00D300BF /* Frameworks */ = {
			isa = PBXFrameworksBuildPhase;
			buildActionMask = 2147483647;
			files = (
			);
			runOnlyForDeploymentPostprocessing = 0;
		};
/* End PBXFrameworksBuildPhase section */

/* Begin PBXGroup section */
		53B1EA302C85BFBC00D300BF = {
			isa = PBXGroup;
			children = (
				53B1EA3B2C85BFBC00D300BF /* imageslider */,
				53B1EA522C85BFBF00D300BF /* imagesliderTests */,
				53B1EA5C2C85BFBF00D300BF /* imagesliderUITests */,
				53B1EA3A2C85BFBC00D300BF /* Products */,
			);
			sourceTree = "<group>";
		};
		53B1EA3A2C85BFBC00D300BF /* Products */ = {
			isa = PBXGroup;
			children = (
				53B1EA392C85BFBC00D300BF /* imageslider.app */,
				53B1EA4F2C85BFBF00D300BF /* imagesliderTests.xctest */,
				53B1EA592C85BFBF00D300BF /* imagesliderUITests.xctest */,
			);
			name = Products;
			sourceTree = "<group>";
		};
		53B1EA3B2C85BFBC00D300BF /* imageslider */ = {
			isa = PBXGroup;
			children = (
				53B1EA3C2C85BFBC00D300BF /* AppDelegate.swift */,
				53B1EA3E2C85BFBC00D300BF /* SceneDelegate.swift */,
				53B1EA402C85BFBC00D300BF /* ViewController.swift */,
				53B1EA422C85BFBC00D300BF /* Main.storyboard */,
				53B1EA452C85BFBE00D300BF /* Assets.xcassets */,
				53B1EA472C85BFBE00D300BF /* LaunchScreen.storyboard */,
				53B1EA4A2C85BFBE00D300BF /* Info.plist */,
				53B1EA6C2C85C4EA00D300BF /* imageview.swift */,
			);
			path = imageslider;
			sourceTree = "<group>";
		};
		53B1EA522C85BFBF00D300BF /* imagesliderTests */ = {
			isa = PBXGroup;
			children = (
				53B1EA532C85BFBF00D300BF /* imagesliderTests.swift */,
			);
			path = imagesliderTests;
			sourceTree = "<group>";
		};
		53B1EA5C2C85BFBF00D300BF /* imagesliderUITests */ = {
			isa = PBXGroup;
			children = (
				53B1EA5D2C85BFBF00D300BF /* imagesliderUITests.swift */,
				53B1EA5F2C85BFBF00D300BF /* imagesliderUITestsLaunchTests.swift */,
			);
			path = imagesliderUITests;
			sourceTree = "<group>";
		};
/* End PBXGroup section */

/* Begin PBXNativeTarget section */
		53B1EA382C85BFBC00D300BF /* imageslider */ = {
			isa = PBXNativeTarget;
			buildConfigurationList = 53B1EA632C85BFBF00D300BF /* Build configuration list for PBXNativeTarget "imageslider" */;
			buildPhases = (
				53B1EA352C85BFBC00D300BF /* Sources */,
				53B1EA362C85BFBC00D300BF /* Frameworks */,
				53B1EA372C85BFBC00D300BF /* Resources */,
			);
			buildRules = (
			);
			dependencies = (
			);
			name = imageslider;
			productName = imageslider;
			productReference = 53B1EA392C85BFBC00D300BF /* imageslider.app */;
			productType = "com.apple.product-type.application";
		};
		53B1EA4E2C85BFBF00D300BF /* imagesliderTests */ = {
			isa = PBXNativeTarget;
			buildConfigurationList = 53B1EA662C85BFBF00D300BF /* Build configuration list for PBXNativeTarget "imagesliderTests" */;
			buildPhases = (
				53B1EA4B2C85BFBF00D300BF /* Sources */,
				53B1EA4C2C85BFBF00D300BF /* Frameworks */,
				53B1EA4D2C85BFBF00D300BF /* Resources */,
			);
			buildRules = (
			);
			dependencies = (
				53B1EA512C85BFBF00D300BF /* PBXTargetDependency */,
			);
			name = imagesliderTests;
			productName = imagesliderTests;
			productReference = 53B1EA4F2C85BFBF00D300BF /* imagesliderTests.xctest */;
			productType = "com.apple.product-type.bundle.unit-test";
		};
		53B1EA582C85BFBF00D300BF /* imagesliderUITests */ = {
			isa = PBXNativeTarget;
			buildConfigurationList = 53B1EA692C85BFBF00D300BF /* Build configuration list for PBXNativeTarget "imagesliderUITests" */;
			buildPhases = (
				53B1EA552C85BFBF00D300BF /* Sources */,
				53B1EA562C85BFBF00D300BF /* Frameworks */,
				53B1EA572C85BFBF00D300BF /* Resources */,
			);
			buildRules = (
			);
			dependencies = (
				53B1EA5B2C85BFBF00D300BF /* PBXTargetDependency */,
			);
			name = imagesliderUITests;
			productName = imagesliderUITests;
			productReference = 53B1EA592C85BFBF00D300BF /* imagesliderUITests.xctest */;
			productType = "com.apple.product-type.bundle.ui-testing";
		};
/* End PBXNativeTarget section */

/* Begin PBXProject section */
		53B1EA312C85BFBC00D300BF /* Project object */ = {
			isa = PBXProject;
			attributes = {
				BuildIndependentTargetsInParallel = 1;
				LastSwiftUpdateCheck = 1540;
				LastUpgradeCheck = 1540;
				TargetAttributes = {
					53B1EA382C85BFBC00D300BF = {
						CreatedOnToolsVersion = 15.4;
					};
					53B1EA4E2C85BFBF00D300BF = {
						CreatedOnToolsVersion = 15.4;
						TestTargetID = 53B1EA382C85BFBC00D300BF;
					};
					53B1EA582C85BFBF00D300BF = {
						CreatedOnToolsVersion = 15.4;
						TestTargetID = 53B1EA382C85BFBC00D300BF;
					};
				};
			};
			buildConfigurationList = 53B1EA342C85BFBC00D300BF /* Build configuration list for PBXProject "imageslider" */;
			compatibilityVersion = "Xcode 14.0";
			developmentRegion = en;
			hasScannedForEncodings = 0;
			knownRegions = (
				en,
				Base,
			);
			mainGroup = 53B1EA302C85BFBC00D300BF;
			productRefGroup = 53B1EA3A2C85BFBC00D300BF /* Products */;
			projectDirPath = "";
			projectRoot = "";
			targets = (
				53B1EA382C85BFBC00D300BF /* imageslider */,
				53B1EA4E2C85BFBF00D300BF /* imagesliderTests */,
				53B1EA582C85BFBF00D300BF /* imagesliderUITests */,
			);
		};
/* End PBXProject section */

/* Begin PBXResourcesBuildPhase section */
		53B1EA372C85BFBC00D300BF /* Resources */ = {
			isa = PBXResourcesBuildPhase;
			buildActionMask = 2147483647;
			files = (
				53B1EA462C85BFBE00D300BF /* Assets.xcassets in Resources */,
				53B1EA492C85BFBE00D300BF /* Base in Resources */,
				53B1EA442C85BFBC00D300BF /* Base in Resources */,
			);
			runOnlyForDeploymentPostprocessing = 0;
		};
		53B1EA4D2C85BFBF00D300BF /* Resources */ = {
			isa = PBXResourcesBuildPhase;
			buildActionMask = 2147483647;
			files = (
			);
			runOnlyForDeploymentPostprocessing = 0;
		};
		53B1EA572C85BFBF00D300BF /* Resources */ = {
			isa = PBXResourcesBuildPhase;
			buildActionMask = 2147483647;
			files = (
			);
			runOnlyForDeploymentPostprocessing = 0;
		};
/* End PBXResourcesBuildPhase section */

/* Begin PBXSourcesBuildPhase section */
		53B1EA352C85BFBC00D300BF /* Sources */ = {
			isa = PBXSourcesBuildPhase;
			buildActionMask = 2147483647;
			files = (
				53B1EA6D2C85C4EA00D300BF /* imageview.swift in Sources */,
				53B1EA412C85BFBC00D300BF /* ViewController.swift in Sources */,
				53B1EA3D2C85BFBC00D300BF /* AppDelegate.swift in Sources */,
				53B1EA3F2C85BFBC00D300BF /* SceneDelegate.swift in Sources */,
			);
			runOnlyForDeploymentPostprocessing = 0;
		};
		53B1EA4B2C85BFBF00D300BF /* Sources */ = {
			isa = PBXSourcesBuildPhase;
			buildActionMask = 2147483647;
			files = (
				53B1EA542C85BFBF00D300BF /* imagesliderTests.swift in Sources */,
			);
			runOnlyForDeploymentPostprocessing = 0;
		};
		53B1EA552C85BFBF00D300BF /* Sources */ = {
			isa = PBXSourcesBuildPhase;
			buildActionMask = 2147483647;
			files = (
				53B1EA5E2C85BFBF00D300BF /* imagesliderUITests.swift in Sources */,
				53B1EA602C85BFBF00D300BF /* imagesliderUITestsLaunchTests.swift in Sources */,
			);
			runOnlyForDeploymentPostprocessing = 0;
		};
/* End PBXSourcesBuildPhase section */

/* Begin PBXTargetDependency section */
		53B1EA512C85BFBF00D300BF /* PBXTargetDependency */ = {
			isa = PBXTargetDependency;
			target = 53B1EA382C85BFBC00D300BF /* imageslider */;
			targetProxy = 53B1EA502C85BFBF00D300BF /* PBXContainerItemProxy */;
		};
		53B1EA5B2C85BFBF00D300BF /* PBXTargetDependency */ = {
			isa = PBXTargetDependency;
			target = 53B1EA382C85BFBC00D300BF /* imageslider */;
			targetProxy = 53B1EA5A2C85BFBF00D300BF /* PBXContainerItemProxy */;
		};
/* End PBXTargetDependency section */

/* Begin PBXVariantGroup section */
		53B1EA422C85BFBC00D300BF /* Main.storyboard */ = {
			isa = PBXVariantGroup;
			children = (
				53B1EA432C85BFBC00D300BF /* Base */,
			);
			name = Main.storyboard;
			sourceTree = "<group>";
		};
		53B1EA472C85BFBE00D300BF /* LaunchScreen.storyboard */ = {
			isa = PBXVariantGroup;
			children = (
				53B1EA482C85BFBE00D300BF /* Base */,
			);
			name = LaunchScreen.storyboard;
			sourceTree = "<group>";
		};
/* End PBXVariantGroup section */

/* Begin XCBuildConfiguration section */
		53B1EA612C85BFBF00D300BF /* Debug */ = {
			isa = XCBuildConfiguration;
			buildSettings = {
				ALWAYS_SEARCH_USER_PATHS = NO;
				ASSETCATALOG_COMPILER_GENERATE_SWIFT_ASSET_SYMBOL_EXTENSIONS = YES;
				CLANG_ANALYZER_NONNULL = YES;
				CLANG_ANALYZER_NUMBER_OBJECT_CONVERSION = YES_AGGRESSIVE;
				CLANG_CXX_LANGUAGE_STANDARD = "gnu++20";
				CLANG_ENABLE_MODULES = YES;
				CLANG_ENABLE_OBJC_ARC = YES;
				CLANG_ENABLE_OBJC_WEAK = YES;
				CLANG_WARN_BLOCK_CAPTURE_AUTORELEASING = YES;
				CLANG_WARN_BOOL_CONVERSION = YES;
				CLANG_WARN_COMMA = YES;
				CLANG_WARN_CONSTANT_CONVERSION = YES;
				CLANG_WARN_DEPRECATED_OBJC_IMPLEMENTATIONS = YES;
				CLANG_WARN_DIRECT_OBJC_ISA_USAGE = YES_ERROR;
				CLANG_WARN_DOCUMENTATION_COMMENTS = YES;
				CLANG_WARN_EMPTY_BODY = YES;
				CLANG_WARN_ENUM_CONVERSION = YES;
				CLANG_WARN_INFINITE_RECURSION = YES;
				CLANG_WARN_INT_CONVERSION = YES;
				CLANG_WARN_NON_LITERAL_NULL_CONVERSION = YES;
				CLANG_WARN_OBJC_IMPLICIT_RETAIN_SELF = YES;
				CLANG_WARN_OBJC_LITERAL_CONVERSION = YES;
				CLANG_WARN_OBJC_ROOT_CLASS = YES_ERROR;
				CLANG_WARN_QUOTED_INCLUDE_IN_FRAMEWORK_HEADER = YES;
				CLANG_WARN_RANGE_LOOP_ANALYSIS = YES;
				CLANG_WARN_STRICT_PROTOTYPES = YES;
				CLANG_WARN_SUSPICIOUS_MOVE = YES;
				CLANG_WARN_UNGUARDED_AVAILABILITY = YES_AGGRESSIVE;
				CLANG_WARN_UNREACHABLE_CODE = YES;
				CLANG_WARN__DUPLICATE_METHOD_MATCH = YES;
				COPY_PHASE_STRIP = NO;
				DEBUG_INFORMATION_FORMAT = dwarf;
				ENABLE_STRICT_OBJC_MSGSEND = YES;
				ENABLE_TESTABILITY = YES;
				ENABLE_USER_SCRIPT_SANDBOXING = YES;
				GCC_C_LANGUAGE_STANDARD = gnu17;
				GCC_DYNAMIC_NO_PIC = NO;
				GCC_NO_COMMON_BLOCKS = YES;
				GCC_OPTIMIZATION_LEVEL = 0;
				GCC_PREPROCESSOR_DEFINITIONS = (
					"DEBUG=1",
					"$(inherited)",
				);
				GCC_WARN_64_TO_32_BIT_CONVERSION = YES;
				GCC_WARN_ABOUT_RETURN_TYPE = YES_ERROR;
				GCC_WARN_UNDECLARED_SELECTOR = YES;
				GCC_WARN_UNINITIALIZED_AUTOS = YES_AGGRESSIVE;
				GCC_WARN_UNUSED_FUNCTION = YES;
				GCC_WARN_UNUSED_VARIABLE = YES;
				IPHONEOS_DEPLOYMENT_TARGET = 17.5;
				LOCALIZATION_PREFERS_STRING_CATALOGS = YES;
				MTL_ENABLE_DEBUG_INFO = INCLUDE_SOURCE;
				MTL_FAST_MATH = YES;
				ONLY_ACTIVE_ARCH = YES;
				SDKROOT = iphoneos;
				SWIFT_ACTIVE_COMPILATION_CONDITIONS = "DEBUG $(inherited)";
				SWIFT_OPTIMIZATION_LEVEL = "-Onone";
			};
			name = Debug;
		};
		53B1EA622C85BFBF00D300BF /* Release */ = {
			isa = XCBuildConfiguration;
			buildSettings = {
				ALWAYS_SEARCH_USER_PATHS = NO;
				ASSETCATALOG_COMPILER_GENERATE_SWIFT_ASSET_SYMBOL_EXTENSIONS = YES;
				CLANG_ANALYZER_NONNULL = YES;
				CLANG_ANALYZER_NUMBER_OBJECT_CONVERSION = YES_AGGRESSIVE;
				CLANG_CXX_LANGUAGE_STANDARD = "gnu++20";
				CLANG_ENABLE_MODULES = YES;
				CLANG_ENABLE_OBJC_ARC = YES;
				CLANG_ENABLE_OBJC_WEAK = YES;
				CLANG_WARN_BLOCK_CAPTURE_AUTORELEASING = YES;
				CLANG_WARN_BOOL_CONVERSION = YES;
				CLANG_WARN_COMMA = YES;
				CLANG_WARN_CONSTANT_CONVERSION = YES;
				CLANG_WARN_DEPRECATED_OBJC_IMPLEMENTATIONS = YES;
				CLANG_WARN_DIRECT_OBJC_ISA_USAGE = YES_ERROR;
				CLANG_WARN_DOCUMENTATION_COMMENTS = YES;
				CLANG_WARN_EMPTY_BODY = YES;
				CLANG_WARN_ENUM_CONVERSION = YES;
				CLANG_WARN_INFINITE_RECURSION = YES;
				CLANG_WARN_INT_CONVERSION = YES;
				CLANG_WARN_NON_LITERAL_NULL_CONVERSION = YES;
				CLANG_WARN_OBJC_IMPLICIT_RETAIN_SELF = YES;
				CLANG_WARN_OBJC_LITERAL_CONVERSION = YES;
				CLANG_WARN_OBJC_ROOT_CLASS = YES_ERROR;
				CLANG_WARN_QUOTED_INCLUDE_IN_FRAMEWORK_HEADER = YES;
				CLANG_WARN_RANGE_LOOP_ANALYSIS = YES;
				CLANG_WARN_STRICT_PROTOTYPES = YES;
				CLANG_WARN_SUSPICIOUS_MOVE = YES;
				CLANG_WARN_UNGUARDED_AVAILABILITY = YES_AGGRESSIVE;
				CLANG_WARN_UNREACHABLE_CODE = YES;
				CLANG_WARN__DUPLICATE_METHOD_MATCH = YES;
				COPY_PHASE_STRIP = NO;
				DEBUG_INFORMATION_FORMAT = "dwarf-with-dsym";
				ENABLE_NS_ASSERTIONS = NO;
				ENABLE_STRICT_OBJC_MSGSEND = YES;
				ENABLE_USER_SCRIPT_SANDBOXING = YES;
				GCC_C_LANGUAGE_STANDARD = gnu17;
				GCC_NO_COMMON_BLOCKS = YES;
				GCC_WARN_64_TO_32_BIT_CONVERSION = YES;
				GCC_WARN_ABOUT_RETURN_TYPE = YES_ERROR;
				GCC_WARN_UNDECLARED_SELECTOR = YES;
				GCC_WARN_UNINITIALIZED_AUTOS = YES_AGGRESSIVE;
				GCC_WARN_UNUSED_FUNCTION = YES;
				GCC_WARN_UNUSED_VARIABLE = YES;
				IPHONEOS_DEPLOYMENT_TARGET = 17.5;
				LOCALIZATION_PREFERS_STRING_CATALOGS = YES;
				MTL_ENABLE_DEBUG_INFO = NO;
				MTL_FAST_MATH = YES;
				SDKROOT = iphoneos;
				SWIFT_COMPILATION_MODE = wholemodule;
				VALIDATE_PRODUCT = YES;
			};
			name = Release;
		};
		53B1EA642C85BFBF00D300BF /* Debug */ = {
			isa = XCBuildConfiguration;
			buildSettings = {
				ASSETCATALOG_COMPILER_APPICON_NAME = AppIcon;
				ASSETCATALOG_COMPILER_GLOBAL_ACCENT_COLOR_NAME = AccentColor;
				CODE_SIGN_STYLE = Automatic;
				CURRENT_PROJECT_VERSION = 1;
				GENERATE_INFOPLIST_FILE = YES;
				INFOPLIST_FILE = imageslider/Info.plist;
				INFOPLIST_KEY_UIApplicationSupportsIndirectInputEvents = YES;
				INFOPLIST_KEY_UILaunchStoryboardName = LaunchScreen;
				INFOPLIST_KEY_UIMainStoryboardFile = Main;
				INFOPLIST_KEY_UISupportedInterfaceOrientations_iPad = "UIInterfaceOrientationPortrait UIInterfaceOrientationPortraitUpsideDown UIInterfaceOrientationLandscapeLeft UIInterfaceOrientationLandscapeRight";
				INFOPLIST_KEY_UISupportedInterfaceOrientations_iPhone = "UIInterfaceOrientationPortrait UIInterfaceOrientationLandscapeLeft UIInterfaceOrientationLandscapeRight";
				LD_RUNPATH_SEARCH_PATHS = (
					"$(inherited)",
					"@executable_path/Frameworks",
				);
				MARKETING_VERSION = 1.0;
				PRODUCT_BUNDLE_IDENTIFIER = hello.imageslider;
				PRODUCT_NAME = "$(TARGET_NAME)";
				SWIFT_EMIT_LOC_STRINGS = YES;
				SWIFT_VERSION = 5.0;
				TARGETED_DEVICE_FAMILY = "1,2";
			};
			name = Debug;
		};
		53B1EA652C85BFBF00D300BF /* Release */ = {
			isa = XCBuildConfiguration;
			buildSettings = {
				ASSETCATALOG_COMPILER_APPICON_NAME = AppIcon;
				ASSETCATALOG_COMPILER_GLOBAL_ACCENT_COLOR_NAME = AccentColor;
				CODE_SIGN_STYLE = Automatic;
				CURRENT_PROJECT_VERSION = 1;
				GENERATE_INFOPLIST_FILE = YES;
				INFOPLIST_FILE = imageslider/Info.plist;
				INFOPLIST_KEY_UIApplicationSupportsIndirectInputEvents = YES;
				INFOPLIST_KEY_UILaunchStoryboardName = LaunchScreen;
				INFOPLIST_KEY_UIMainStoryboardFile = Main;
				INFOPLIST_KEY_UISupportedInterfaceOrientations_iPad = "UIInterfaceOrientationPortrait UIInterfaceOrientationPortraitUpsideDown UIInterfaceOrientationLandscapeLeft UIInterfaceOrientationLandscapeRight";
				INFOPLIST_KEY_UISupportedInterfaceOrientations_iPhone = "UIInterfaceOrientationPortrait UIInterfaceOrientationLandscapeLeft UIInterfaceOrientationLandscapeRight";
				LD_RUNPATH_SEARCH_PATHS = (
					"$(inherited)",
					"@executable_path/Frameworks",
				);
				MARKETING_VERSION = 1.0;
				PRODUCT_BUNDLE_IDENTIFIER = hello.imageslider;
				PRODUCT_NAME = "$(TARGET_NAME)";
				SWIFT_EMIT_LOC_STRINGS = YES;
				SWIFT_VERSION = 5.0;
				TARGETED_DEVICE_FAMILY = "1,2";
			};
			name = Release;
		};
		53B1EA672C85BFBF00D300BF /* Debug */ = {
			isa = XCBuildConfiguration;
			buildSettings = {
				ALWAYS_EMBED_SWIFT_STANDARD_LIBRARIES = YES;
				BUNDLE_LOADER = "$(TEST_HOST)";
				CODE_SIGN_STYLE = Automatic;
				CURRENT_PROJECT_VERSION = 1;
				GENERATE_INFOPLIST_FILE = YES;
				IPHONEOS_DEPLOYMENT_TARGET = 17.5;
				MARKETING_VERSION = 1.0;
				PRODUCT_BUNDLE_IDENTIFIER = hello.imagesliderTests;
				PRODUCT_NAME = "$(TARGET_NAME)";
				SWIFT_EMIT_LOC_STRINGS = NO;
				SWIFT_VERSION = 5.0;
				TARGETED_DEVICE_FAMILY = "1,2";
				TEST_HOST = "$(BUILT_PRODUCTS_DIR)/imageslider.app/$(BUNDLE_EXECUTABLE_FOLDER_PATH)/imageslider";
			};
			name = Debug;
		};
		53B1EA682C85BFBF00D300BF /* Release */ = {
			isa = XCBuildConfiguration;
			buildSettings = {
				ALWAYS_EMBED_SWIFT_STANDARD_LIBRARIES = YES;
				BUNDLE_LOADER = "$(TEST_HOST)";
				CODE_SIGN_STYLE = Automatic;
				CURRENT_PROJECT_VERSION = 1;
				GENERATE_INFOPLIST_FILE = YES;
				IPHONEOS_DEPLOYMENT_TARGET = 17.5;
				MARKETING_VERSION = 1.0;
				PRODUCT_BUNDLE_IDENTIFIER = hello.imagesliderTests;
				PRODUCT_NAME = "$(TARGET_NAME)";
				SWIFT_EMIT_LOC_STRINGS = NO;
				SWIFT_VERSION = 5.0;
				TARGETED_DEVICE_FAMILY = "1,2";
				TEST_HOST = "$(BUILT_PRODUCTS_DIR)/imageslider.app/$(BUNDLE_EXECUTABLE_FOLDER_PATH)/imageslider";
			};
			name = Release;
		};
		53B1EA6A2C85BFBF00D300BF /* Debug */ = {
			isa = XCBuildConfiguration;
			buildSettings = {
				ALWAYS_EMBED_SWIFT_STANDARD_LIBRARIES = YES;
				CODE_SIGN_STYLE = Automatic;
				CURRENT_PROJECT_VERSION = 1;
				GENERATE_INFOPLIST_FILE = YES;
				MARKETING_VERSION = 1.0;
				PRODUCT_BUNDLE_IDENTIFIER = hello.imagesliderUITests;
				PRODUCT_NAME = "$(TARGET_NAME)";
				SWIFT_EMIT_LOC_STRINGS = NO;
				SWIFT_VERSION = 5.0;
				TARGETED_DEVICE_FAMILY = "1,2";
				TEST_TARGET_NAME = imageslider;
			};
			name = Debug;
		};
		53B1EA6B2C85BFBF00D300BF /* Release */ = {
			isa = XCBuildConfiguration;
			buildSettings = {
				ALWAYS_EMBED_SWIFT_STANDARD_LIBRARIES = YES;
				CODE_SIGN_STYLE = Automatic;
				CURRENT_PROJECT_VERSION = 1;
				GENERATE_INFOPLIST_FILE = YES;
				MARKETING_VERSION = 1.0;
				PRODUCT_BUNDLE_IDENTIFIER = hello.imagesliderUITests;
				PRODUCT_NAME = "$(TARGET_NAME)";
				SWIFT_EMIT_LOC_STRINGS = NO;
				SWIFT_VERSION = 5.0;
				TARGETED_DEVICE_FAMILY = "1,2";
				TEST_TARGET_NAME = imageslider;
			};
			name = Release;
		};
/* End XCBuildConfiguration section */

/* Begin XCConfigurationList section */
		53B1EA342C85BFBC00D300BF /* Build configuration list for PBXProject "imageslider" */ = {
			isa = XCConfigurationList;
			buildConfigurations = (
				53B1EA612C85BFBF00D300BF /* Debug */,
				53B1EA622C85BFBF00D300BF /* Release */,
			);
			defaultConfigurationIsVisible = 0;
			defaultConfigurationName = Release;
		};
		53B1EA632C85BFBF00D300BF /* Build configuration list for PBXNativeTarget "imageslider" */ = {
			isa = XCConfigurationList;
			buildConfigurations = (
				53B1EA642C85BFBF00D300BF /* Debug */,
				53B1EA652C85BFBF00D300BF /* Release */,
			);
			defaultConfigurationIsVisible = 0;
			defaultConfigurationName = Release;
		};
		53B1EA662C85BFBF00D300BF /* Build configuration list for PBXNativeTarget "imagesliderTests" */ = {
			isa = XCConfigurationList;
			buildConfigurations = (
				53B1EA672C85BFBF00D300BF /* Debug */,
				53B1EA682C85BFBF00D300BF /* Release */,
			);
			defaultConfigurationIsVisible = 0;
			defaultConfigurationName = Release;
		};
		53B1EA692C85BFBF00D300BF /* Build configuration list for PBXNativeTarget "imagesliderUITests" */ = {
			isa = XCConfigurationList;
			buildConfigurations = (
				53B1EA6A2C85BFBF00D300BF /* Debug */,
				53B1EA6B2C85BFBF00D300BF /* Release */,
			);
			defaultConfigurationIsVisible = 0;
			defaultConfigurationName = Release;
		};
/* End XCConfigurationList section */
	};
	rootObject = 53B1EA312C85BFBC00D300BF /* Project object */;
}
